
Microsoft Visual Studio Solution File, Format Version 11.00
# Visual Studio 2010
Project("{8BC9CEB8-8B4A-11D0-8D11-00A0C91BC942}") = "COMP345_FINAL_DELIVERY", "COMP345_FINAL_DELIVERY\COMP345_FINAL_DELIVERY.vcxproj", "{B9FE7B67-9218-4275-A958-DC282D49AFF5}"
EndProject
Global
	GlobalSection(SolutionConfigurationPlatforms) = preSolution
		Debug|Win32 = Debug|Win32
		Release|Win32 = Release|Win32
	EndGlobalSection
	GlobalSection(ProjectConfigurationPlatforms) = postSolution
		{B9FE7B67-9218-4275-A958-DC282D49AFF5}.Debug|Win32.ActiveCfg = Debug|Win32
		{B9FE7B67-9218-4275-A958-DC282D49AFF5}.Debug|Win32.Build.0 = Debug|Win32
		{B9FE7B67-9218-4275-A958-DC282D49AFF5}.Release|Win32.ActiveCfg = Release|Win32
		{B9FE7B67-9218-4275-A958-DC282D49AFF5}.Release|Win32.Build.0 = Release|Win32
	EndGlobalSection
	GlobalSection(SolutionProperties) = preSolution
		HideSolutionNode = FALSE
	EndGlobalSection
EndGlobal
